// !$*UTF8*$!
{
	archiveVersion = 1;
	classes = {
	};
	objectVersion = 46;
	objects = {

/* Begin PBXBuildFile section */
		A03E19981D80EFCE00B48CD5 /* Notes in Resources */ = {isa = PBXBuildFile; fileRef = A03E19971D80EFCE00B48CD5 /* Notes */; };
		A0678BE11D80E9E800FD65F8 /* AppDelegate.swift in Sources */ = {isa = PBXBuildFile; fileRef = A0678BE01D80E9E800FD65F8 /* AppDelegate.swift */; };
		A0678BE61D80E9E800FD65F8 /* Main.storyboard in Resources */ = {isa = PBXBuildFile; fileRef = A0678BE41D80E9E800FD65F8 /* Main.storyboard */; };
		A0678BE81D80E9E800FD65F8 /* Assets.xcassets in Resources */ = {isa = PBXBuildFile; fileRef = A0678BE71D80E9E800FD65F8 /* Assets.xcassets */; };
		A0678BEB1D80E9E800FD65F8 /* LaunchScreen.storyboard in Resources */ = {isa = PBXBuildFile; fileRef = A0678BE91D80E9E800FD65F8 /* LaunchScreen.storyboard */; };
		A07195491D823B170084A66F /* JSONManager.swift in Sources */ = {isa = PBXBuildFile; fileRef = A07195481D823B170084A66F /* JSONManager.swift */; };
		A071954B1D823B3A0084A66F /* ConnectionManager.swift in Sources */ = {isa = PBXBuildFile; fileRef = A071954A1D823B3A0084A66F /* ConnectionManager.swift */; };
		A071954E1D825C0C0084A66F /* DataManager.swift in Sources */ = {isa = PBXBuildFile; fileRef = A071954D1D825C0C0084A66F /* DataManager.swift */; };
		A071955A1D825E680084A66F /* ShotsViewController.swift in Sources */ = {isa = PBXBuildFile; fileRef = A07195591D825E680084A66F /* ShotsViewController.swift */; };
		A071955C1D825E800084A66F /* ShotsViewModel.swift in Sources */ = {isa = PBXBuildFile; fileRef = A071955B1D825E800084A66F /* ShotsViewModel.swift */; };
		A07D09901D83836400445AFB /* Shots.json in Resources */ = {isa = PBXBuildFile; fileRef = A07D098F1D83836400445AFB /* Shots.json */; };
		A07D09921D83838200445AFB /* Shot.json in Resources */ = {isa = PBXBuildFile; fileRef = A07D09911D83838200445AFB /* Shot.json */; };
		A07D09941D83846E00445AFB /* Comments.json in Resources */ = {isa = PBXBuildFile; fileRef = A07D09931D83846E00445AFB /* Comments.json */; };
		A0A88CCC1D85804500205C87 /* StyleKit.swift in Sources */ = {isa = PBXBuildFile; fileRef = A0A88CCB1D85804500205C87 /* StyleKit.swift */; };
		A0D819FC1D829F0700DDCA44 /* LoginViewController.swift in Sources */ = {isa = PBXBuildFile; fileRef = A0D819FB1D829F0700DDCA44 /* LoginViewController.swift */; };
		A0D81A001D82A7DC00DDCA44 /* LoginViewModel.swift in Sources */ = {isa = PBXBuildFile; fileRef = A0D819FF1D82A7DC00DDCA44 /* LoginViewModel.swift */; };
		DF3CE948592D96D0F4E48712 /* Pods_DribbleClient.framework in Frameworks */ = {isa = PBXBuildFile; fileRef = 7035A38DC5CBDD8ECF5E806B /* Pods_DribbleClient.framework */; };
/* End PBXBuildFile section */

/* Begin PBXFileReference section */
		0C53D6A9E4EFF23DD202D280 /* Pods-DribbleClient.release.xcconfig */ = {isa = PBXFileReference; includeInIndex = 1; lastKnownFileType = text.xcconfig; name = "Pods-DribbleClient.release.xcconfig"; path = "Pods/Target Support Files/Pods-DribbleClient/Pods-DribbleClient.release.xcconfig"; sourceTree = "<group>"; };
		7035A38DC5CBDD8ECF5E806B /* Pods_DribbleClient.framework */ = {isa = PBXFileReference; explicitFileType = wrapper.framework; includeInIndex = 0; path = Pods_DribbleClient.framework; sourceTree = BUILT_PRODUCTS_DIR; };
		73911456C79FC311BC665D43 /* Pods-DribbleClient.debug.xcconfig */ = {isa = PBXFileReference; includeInIndex = 1; lastKnownFileType = text.xcconfig; name = "Pods-DribbleClient.debug.xcconfig"; path = "Pods/Target Support Files/Pods-DribbleClient/Pods-DribbleClient.debug.xcconfig"; sourceTree = "<group>"; };
		A03E19971D80EFCE00B48CD5 /* Notes */ = {isa = PBXFileReference; fileEncoding = 4; lastKnownFileType = text; path = Notes; sourceTree = "<group>"; };
		A0678BDD1D80E9E800FD65F8 /* DribbleClient.app */ = {isa = PBXFileReference; explicitFileType = wrapper.application; includeInIndex = 0; path = DribbleClient.app; sourceTree = BUILT_PRODUCTS_DIR; };
		A0678BE01D80E9E800FD65F8 /* AppDelegate.swift */ = {isa = PBXFileReference; lastKnownFileType = sourcecode.swift; path = AppDelegate.swift; sourceTree = "<group>"; };
		A0678BE51D80E9E800FD65F8 /* Base */ = {isa = PBXFileReference; lastKnownFileType = file.storyboard; name = Base; path = Base.lproj/Main.storyboard; sourceTree = "<group>"; };
		A0678BE71D80E9E800FD65F8 /* Assets.xcassets */ = {isa = PBXFileReference; lastKnownFileType = folder.assetcatalog; path = Assets.xcassets; sourceTree = "<group>"; };
		A0678BEA1D80E9E800FD65F8 /* Base */ = {isa = PBXFileReference; lastKnownFileType = file.storyboard; name = Base; path = Base.lproj/LaunchScreen.storyboard; sourceTree = "<group>"; };
		A0678BEC1D80E9E800FD65F8 /* Info.plist */ = {isa = PBXFileReference; lastKnownFileType = text.plist.xml; path = Info.plist; sourceTree = "<group>"; };
		A07195481D823B170084A66F /* JSONManager.swift */ = {isa = PBXFileReference; fileEncoding = 4; lastKnownFileType = sourcecode.swift; path = JSONManager.swift; sourceTree = "<group>"; };
		A071954A1D823B3A0084A66F /* ConnectionManager.swift */ = {isa = PBXFileReference; fileEncoding = 4; lastKnownFileType = sourcecode.swift; path = ConnectionManager.swift; sourceTree = "<group>"; };
		A071954D1D825C0C0084A66F /* DataManager.swift */ = {isa = PBXFileReference; fileEncoding = 4; lastKnownFileType = sourcecode.swift; path = DataManager.swift; sourceTree = "<group>"; };
		A07195591D825E680084A66F /* ShotsViewController.swift */ = {isa = PBXFileReference; fileEncoding = 4; lastKnownFileType = sourcecode.swift; path = ShotsViewController.swift; sourceTree = "<group>"; };
		A071955B1D825E800084A66F /* ShotsViewModel.swift */ = {isa = PBXFileReference; fileEncoding = 4; lastKnownFileType = sourcecode.swift; path = ShotsViewModel.swift; sourceTree = "<group>"; };
		A07D098F1D83836400445AFB /* Shots.json */ = {isa = PBXFileReference; fileEncoding = 4; lastKnownFileType = text.json; path = Shots.json; sourceTree = "<group>"; };
		A07D09911D83838200445AFB /* Shot.json */ = {isa = PBXFileReference; fileEncoding = 4; lastKnownFileType = text.json; path = Shot.json; sourceTree = "<group>"; };
		A07D09931D83846E00445AFB /* Comments.json */ = {isa = PBXFileReference; fileEncoding = 4; lastKnownFileType = text.json; path = Comments.json; sourceTree = "<group>"; };
		A0A88CCB1D85804500205C87 /* StyleKit.swift */ = {isa = PBXFileReference; fileEncoding = 4; lastKnownFileType = sourcecode.swift; path = StyleKit.swift; sourceTree = "<group>"; };
		A0D819FB1D829F0700DDCA44 /* LoginViewController.swift */ = {isa = PBXFileReference; fileEncoding = 4; lastKnownFileType = sourcecode.swift; path = LoginViewController.swift; sourceTree = "<group>"; };
		A0D819FF1D82A7DC00DDCA44 /* LoginViewModel.swift */ = {isa = PBXFileReference; fileEncoding = 4; lastKnownFileType = sourcecode.swift; path = LoginViewModel.swift; sourceTree = "<group>"; };
/* End PBXFileReference section */

/* Begin PBXFrameworksBuildPhase section */
		A0678BDA1D80E9E800FD65F8 /* Frameworks */ = {
			isa = PBXFrameworksBuildPhase;
			buildActionMask = 2147483647;
			files = (
				DF3CE948592D96D0F4E48712 /* Pods_DribbleClient.framework in Frameworks */,
			);
			runOnlyForDeploymentPostprocessing = 0;
		};
/* End PBXFrameworksBuildPhase section */

/* Begin PBXGroup section */
		61A442B7847472AD0E7994E5 /* Pods */ = {
			isa = PBXGroup;
			children = (
				73911456C79FC311BC665D43 /* Pods-DribbleClient.debug.xcconfig */,
				0C53D6A9E4EFF23DD202D280 /* Pods-DribbleClient.release.xcconfig */,
			);
			name = Pods;
			sourceTree = "<group>";
		};
		73B97250842F2163E09B5620 /* Frameworks */ = {
			isa = PBXGroup;
			children = (
				7035A38DC5CBDD8ECF5E806B /* Pods_DribbleClient.framework */,
			);
			name = Frameworks;
			sourceTree = "<group>";
		};
		A03E19961D80EFB800B48CD5 /* SupportingFiles */ = {
			isa = PBXGroup;
			children = (
				A0A88CCB1D85804500205C87 /* StyleKit.swift */,
				A0678BE71D80E9E800FD65F8 /* Assets.xcassets */,
				A0678BE91D80E9E800FD65F8 /* LaunchScreen.storyboard */,
				A0678BEC1D80E9E800FD65F8 /* Info.plist */,
				A07D098F1D83836400445AFB /* Shots.json */,
				A07D09911D83838200445AFB /* Shot.json */,
				A07D09931D83846E00445AFB /* Comments.json */,
				A03E19971D80EFCE00B48CD5 /* Notes */,
			);
			name = SupportingFiles;
			sourceTree = "<group>";
		};
		A0678BD41D80E9E800FD65F8 = {
			isa = PBXGroup;
			children = (
				A0678BDF1D80E9E800FD65F8 /* DribbleClient */,
				A0678BDE1D80E9E800FD65F8 /* Products */,
				61A442B7847472AD0E7994E5 /* Pods */,
				73B97250842F2163E09B5620 /* Frameworks */,
			);
			sourceTree = "<group>";
		};
		A0678BDE1D80E9E800FD65F8 /* Products */ = {
			isa = PBXGroup;
			children = (
				A0678BDD1D80E9E800FD65F8 /* DribbleClient.app */,
			);
			name = Products;
			sourceTree = "<group>";
		};
		A0678BDF1D80E9E800FD65F8 /* DribbleClient */ = {
			isa = PBXGroup;
			children = (
				A071954F1D825C7F0084A66F /* View */,
				A0678BE41D80E9E800FD65F8 /* Main.storyboard */,
				A07195501D825C8D0084A66F /* ViewModel */,
				A071954C1D825BF10084A66F /* Model */,
				A03E19961D80EFB800B48CD5 /* SupportingFiles */,
			);
			path = DribbleClient;
			sourceTree = "<group>";
		};
		A071954C1D825BF10084A66F /* Model */ = {
			isa = PBXGroup;
			children = (
				A071954A1D823B3A0084A66F /* ConnectionManager.swift */,
				A07195481D823B170084A66F /* JSONManager.swift */,
				A071954D1D825C0C0084A66F /* DataManager.swift */,
				A0678BE01D80E9E800FD65F8 /* AppDelegate.swift */,
			);
			name = Model;
			sourceTree = "<group>";
		};
		A071954F1D825C7F0084A66F /* View */ = {
			isa = PBXGroup;
			children = (
				A07195591D825E680084A66F /* ShotsViewController.swift */,
				A0D819FB1D829F0700DDCA44 /* LoginViewController.swift */,
			);
			name = View;
			sourceTree = "<group>";
		};
		A07195501D825C8D0084A66F /* ViewModel */ = {
			isa = PBXGroup;
			children = (
				A071955B1D825E800084A66F /* ShotsViewModel.swift */,
				A0D819FF1D82A7DC00DDCA44 /* LoginViewModel.swift */,
			);
			name = ViewModel;
			sourceTree = "<group>";
		};
/* End PBXGroup section */

/* Begin PBXNativeTarget section */
		A0678BDC1D80E9E800FD65F8 /* DribbleClient */ = {
			isa = PBXNativeTarget;
			buildConfigurationList = A0678BEF1D80E9E800FD65F8 /* Build configuration list for PBXNativeTarget "DribbleClient" */;
			buildPhases = (
				E2B5437F3018433EC10C4C18 /* [CP] Check Pods Manifest.lock */,
				A0678BD91D80E9E800FD65F8 /* Sources */,
				A0678BDA1D80E9E800FD65F8 /* Frameworks */,
				A0678BDB1D80E9E800FD65F8 /* Resources */,
				EA34BF03FE7BBD64C1DFDC69 /* [CP] Embed Pods Frameworks */,
				7DF58C04F4620FB26596C164 /* [CP] Copy Pods Resources */,
			);
			buildRules = (
			);
			dependencies = (
			);
			name = DribbleClient;
			productName = DribbleClient;
			productReference = A0678BDD1D80E9E800FD65F8 /* DribbleClient.app */;
			productType = "com.apple.product-type.application";
		};
/* End PBXNativeTarget section */

/* Begin PBXProject section */
		A0678BD51D80E9E800FD65F8 /* Project object */ = {
			isa = PBXProject;
			attributes = {
				LastSwiftUpdateCheck = 0730;
				LastUpgradeCheck = 0730;
				ORGANIZATIONNAME = "Pavel Popov";
				TargetAttributes = {
					A0678BDC1D80E9E800FD65F8 = {
						CreatedOnToolsVersion = 7.3.1;
					};
				};
			};
			buildConfigurationList = A0678BD81D80E9E800FD65F8 /* Build configuration list for PBXProject "DribbleClient" */;
			compatibilityVersion = "Xcode 3.2";
			developmentRegion = English;
			hasScannedForEncodings = 0;
			knownRegions = (
				en,
				Base,
			);
			mainGroup = A0678BD41D80E9E800FD65F8;
			productRefGroup = A0678BDE1D80E9E800FD65F8 /* Products */;
			projectDirPath = "";
			projectRoot = "";
			targets = (
				A0678BDC1D80E9E800FD65F8 /* DribbleClient */,
			);
		};
/* End PBXProject section */

/* Begin PBXResourcesBuildPhase section */
		A0678BDB1D80E9E800FD65F8 /* Resources */ = {
			isa = PBXResourcesBuildPhase;
			buildActionMask = 2147483647;
			files = (
				A07D09941D83846E00445AFB /* Comments.json in Resources */,
				A0678BEB1D80E9E800FD65F8 /* LaunchScreen.storyboard in Resources */,
				A0678BE81D80E9E800FD65F8 /* Assets.xcassets in Resources */,
				A03E19981D80EFCE00B48CD5 /* Notes in Resources */,
				A07D09901D83836400445AFB /* Shots.json in Resources */,
				A0678BE61D80E9E800FD65F8 /* Main.storyboard in Resources */,
				A07D09921D83838200445AFB /* Shot.json in Resources */,
			);
			runOnlyForDeploymentPostprocessing = 0;
		};
/* End PBXResourcesBuildPhase section */

/* Begin PBXShellScriptBuildPhase section */
		7DF58C04F4620FB26596C164 /* [CP] Copy Pods Resources */ = {
			isa = PBXShellScriptBuildPhase;
			buildActionMask = 2147483647;
			files = (
			);
			inputPaths = (
			);
			name = "[CP] Copy Pods Resources";
			outputPaths = (
			);
			runOnlyForDeploymentPostprocessing = 0;
			shellPath = /bin/sh;
			shellScript = "\"${SRCROOT}/Pods/Target Support Files/Pods-DribbleClient/Pods-DribbleClient-resources.sh\"\n";
			showEnvVarsInLog = 0;
		};
		E2B5437F3018433EC10C4C18 /* [CP] Check Pods Manifest.lock */ = {
			isa = PBXShellScriptBuildPhase;
			buildActionMask = 2147483647;
			files = (
			);
			inputPaths = (
			);
			name = "[CP] Check Pods Manifest.lock";
			outputPaths = (
			);
			runOnlyForDeploymentPostprocessing = 0;
			shellPath = /bin/sh;
			shellScript = "diff \"${PODS_ROOT}/../Podfile.lock\" \"${PODS_ROOT}/Manifest.lock\" > /dev/null\nif [[ $? != 0 ]] ; then\n    cat << EOM\nerror: The sandbox is not in sync with the Podfile.lock. Run 'pod install' or update your CocoaPods installation.\nEOM\n    exit 1\nfi\n";
			showEnvVarsInLog = 0;
		};
		EA34BF03FE7BBD64C1DFDC69 /* [CP] Embed Pods Frameworks */ = {
			isa = PBXShellScriptBuildPhase;
			buildActionMask = 2147483647;
			files = (
			);
			inputPaths = (
			);
			name = "[CP] Embed Pods Frameworks";
			outputPaths = (
			);
			runOnlyForDeploymentPostprocessing = 0;
			shellPath = /bin/sh;
			shellScript = "\"${SRCROOT}/Pods/Target Support Files/Pods-DribbleClient/Pods-DribbleClient-frameworks.sh\"\n";
			showEnvVarsInLog = 0;
		};
/* End PBXShellScriptBuildPhase section */

/* Begin PBXSourcesBuildPhase section */
		A0678BD91D80E9E800FD65F8 /* Sources */ = {
			isa = PBXSourcesBuildPhase;
			buildActionMask = 2147483647;
			files = (
				A0A88CCC1D85804500205C87 /* StyleKit.swift in Sources */,
				A0D819FC1D829F0700DDCA44 /* LoginViewController.swift in Sources */,
				A071954B1D823B3A0084A66F /* ConnectionManager.swift in Sources */,
				A071954E1D825C0C0084A66F /* DataManager.swift in Sources */,
				A071955C1D825E800084A66F /* ShotsViewModel.swift in Sources */,
				A0D81A001D82A7DC00DDCA44 /* LoginViewModel.swift in Sources */,
				A071955A1D825E680084A66F /* ShotsViewController.swift in Sources */,
				A0678BE11D80E9E800FD65F8 /* AppDelegate.swift in Sources */,
				A07195491D823B170084A66F /* JSONManager.swift in Sources */,
			);
			runOnlyForDeploymentPostprocessing = 0;
		};
/* End PBXSourcesBuildPhase section */

/* Begin PBXVariantGroup section */
		A0678BE41D80E9E800FD65F8 /* Main.storyboard */ = {
			isa = PBXVariantGroup;
			children = (
				A0678BE51D80E9E800FD65F8 /* Base */,
			);
			name = Main.storyboard;
			sourceTree = "<group>";
		};
		A0678BE91D80E9E800FD65F8 /* LaunchScreen.storyboard */ = {
			isa = PBXVariantGroup;
			children = (
				A0678BEA1D80E9E800FD65F8 /* Base */,
			);
			name = LaunchScreen.storyboard;
			sourceTree = "<group>";
		};
/* End PBXVariantGroup section */

/* Begin XCBuildConfiguration section */
		A0678BED1D80E9E800FD65F8 /* Debug */ = {
			isa = XCBuildConfiguration;
			buildSettings = {
				ALWAYS_SEARCH_USER_PATHS = NO;
				CLANG_ANALYZER_NONNULL = YES;
				CLANG_CXX_LANGUAGE_STANDARD = "gnu++0x";
				CLANG_CXX_LIBRARY = "libc++";
				CLANG_ENABLE_MODULES = YES;
				CLANG_ENABLE_OBJC_ARC = YES;
				CLANG_WARN_BOOL_CONVERSION = YES;
				CLANG_WARN_CONSTANT_CONVERSION = YES;
				CLANG_WARN_DIRECT_OBJC_ISA_USAGE = YES_ERROR;
				CLANG_WARN_EMPTY_BODY = YES;
				CLANG_WARN_ENUM_CONVERSION = YES;
				CLANG_WARN_INT_CONVERSION = YES;
				CLANG_WARN_OBJC_ROOT_CLASS = YES_ERROR;
				CLANG_WARN_UNREACHABLE_CODE = YES;
				CLANG_WARN__DUPLICATE_METHOD_MATCH = YES;
				"CODE_SIGN_IDENTITY[sdk=iphoneos*]" = "iPhone Developer";
				COPY_PHASE_STRIP = NO;
				DEBUG_INFORMATION_FORMAT = dwarf;
				ENABLE_STRICT_OBJC_MSGSEND = YES;
				ENABLE_TESTABILITY = YES;
				GCC_C_LANGUAGE_STANDARD = gnu99;
				GCC_DYNAMIC_NO_PIC = NO;
				GCC_NO_COMMON_BLOCKS = YES;
				GCC_OPTIMIZATION_LEVEL = 0;
				GCC_PREPROCESSOR_DEFINITIONS = (
					"DEBUG=1",
					"$(inherited)",
				);
				GCC_WARN_64_TO_32_BIT_CONVERSION = YES;
				GCC_WARN_ABOUT_RETURN_TYPE = YES_ERROR;
				GCC_WARN_UNDECLARED_SELECTOR = YES;
				GCC_WARN_UNINITIALIZED_AUTOS = YES_AGGRESSIVE;
				GCC_WARN_UNUSED_FUNCTION = YES;
				GCC_WARN_UNUSED_VARIABLE = YES;
				IPHONEOS_DEPLOYMENT_TARGET = 8.4;
				MTL_ENABLE_DEBUG_INFO = YES;
				ONLY_ACTIVE_ARCH = YES;
				SDKROOT = iphoneos;
				SWIFT_OPTIMIZATION_LEVEL = "-Onone";
			};
			name = Debug;
		};
		A0678BEE1D80E9E800FD65F8 /* Release */ = {
			isa = XCBuildConfiguration;
			buildSettings = {
				ALWAYS_SEARCH_USER_PATHS = NO;
				CLANG_ANALYZER_NONNULL = YES;
				CLANG_CXX_LANGUAGE_STANDARD = "gnu++0x";
				CLANG_CXX_LIBRARY = "libc++";
				CLANG_ENABLE_MODULES = YES;
				CLANG_ENABLE_OBJC_ARC = YES;
				CLANG_WARN_BOOL_CONVERSION = YES;
				CLANG_WARN_CONSTANT_CONVERSION = YES;
				CLANG_WARN_DIRECT_OBJC_ISA_USAGE = YES_ERROR;
				CLANG_WARN_EMPTY_BODY = YES;
				CLANG_WARN_ENUM_CONVERSION = YES;
				CLANG_WARN_INT_CONVERSION = YES;
				CLANG_WARN_OBJC_ROOT_CLASS = YES_ERROR;
				CLANG_WARN_UNREACHABLE_CODE = YES;
				CLANG_WARN__DUPLICATE_METHOD_MATCH = YES;
				"CODE_SIGN_IDENTITY[sdk=iphoneos*]" = "iPhone Developer";
				COPY_PHASE_STRIP = NO;
				DEBUG_INFORMATION_FORMAT = "dwarf-with-dsym";
				ENABLE_NS_ASSERTIONS = NO;
				ENABLE_STRICT_OBJC_MSGSEND = YES;
				GCC_C_LANGUAGE_STANDARD = gnu99;
				GCC_NO_COMMON_BLOCKS = YES;
				GCC_WARN_64_TO_32_BIT_CONVERSION = YES;
				GCC_WARN_ABOUT_RETURN_TYPE = YES_ERROR;
				GCC_WARN_UNDECLARED_SELECTOR = YES;
				GCC_WARN_UNINITIALIZED_AUTOS = YES_AGGRESSIVE;
				GCC_WARN_UNUSED_FUNCTION = YES;
				GCC_WARN_UNUSED_VARIABLE = YES;
				IPHONEOS_DEPLOYMENT_TARGET = 8.4;
				MTL_ENABLE_DEBUG_INFO = NO;
				SDKROOT = iphoneos;
				VALIDATE_PRODUCT = YES;
			};
			name = Release;
		};
		A0678BF01D80E9E800FD65F8 /* Debug */ = {
			isa = XCBuildConfiguration;
			baseConfigurationReference = 73911456C79FC311BC665D43 /* Pods-DribbleClient.debug.xcconfig */;
			buildSettings = {
				ASSETCATALOG_COMPILER_APPICON_NAME = AppIcon;
				INFOPLIST_FILE = DribbleClient/Info.plist;
				IPHONEOS_DEPLOYMENT_TARGET = 8.4;
				LD_RUNPATH_SEARCH_PATHS = "$(inherited) @executable_path/Frameworks";
				PRODUCT_BUNDLE_IDENTIFIER = ru.youreconomicapps.DribbleClient;
				PRODUCT_NAME = "$(TARGET_NAME)";
			};
			name = Debug;
		};
		A0678BF11D80E9E800FD65F8 /* Release */ = {
			isa = XCBuildConfiguration;
			baseConfigurationReference = 0C53D6A9E4EFF23DD202D280 /* Pods-DribbleClient.release.xcconfig */;
			buildSettings = {
				ASSETCATALOG_COMPILER_APPICON_NAME = AppIcon;
				INFOPLIST_FILE = DribbleClient/Info.plist;
				IPHONEOS_DEPLOYMENT_TARGET = 8.4;
				LD_RUNPATH_SEARCH_PATHS = "$(inherited) @executable_path/Frameworks";
				PRODUCT_BUNDLE_IDENTIFIER = ru.youreconomicapps.DribbleClient;
				PRODUCT_NAME = "$(TARGET_NAME)";
			};
			name = Release;
		};
/* End XCBuildConfiguration section */

/* Begin XCConfigurationList section */
		A0678BD81D80E9E800FD65F8 /* Build configuration list for PBXProject "DribbleClient" */ = {
			isa = XCConfigurationList;
			buildConfigurations = (
				A0678BED1D80E9E800FD65F8 /* Debug */,
				A0678BEE1D80E9E800FD65F8 /* Release */,
			);
			defaultConfigurationIsVisible = 0;
			defaultConfigurationName = Release;
		};
		A0678BEF1D80E9E800FD65F8 /* Build configuration list for PBXNativeTarget "DribbleClient" */ = {
			isa = XCConfigurationList;
			buildConfigurations = (
				A0678BF01D80E9E800FD65F8 /* Debug */,
				A0678BF11D80E9E800FD65F8 /* Release */,
			);
			defaultConfigurationIsVisible = 0;
			defaultConfigurationName = Release;
		};
/* End XCConfigurationList section */
	};
	rootObject = A0678BD51D80E9E800FD65F8 /* Project object */;
}
